PODS:
  - M13ProgressSuite (1.2.7)
  - youtube-ios-player-helper (0.1.6)

DEPENDENCIES:
  - M13ProgressSuite
  - youtube-ios-player-helper (~> 0.1.5)

SPEC CHECKSUMS:
  M13ProgressSuite: 03d194af6359da440641ba758aed5a18b0386a86
  youtube-ios-player-helper: 21ab92db027c7ff86cb17a3843a3f6eafc8158d2

COCOAPODS: 0.39.0
